
Microsoft Visual Studio Solution File, Format Version 12.00
# Visual Studio Version 17
VisualStudioVersion = 17.5.002.0
MinimumVisualStudioVersion = 10.0.40219.1
Project("{9A19103F-16F7-4668-BE54-9A1E7A4F7556}") = "4-9-2024", "4-9-2024.csproj", "{2FA0DFD9-E277-49CB-B72D-4A1C5A34ED61}"
EndProject
Global
	GlobalSection(SolutionConfigurationPlatforms) = preSolution
		Debug|Any CPU = Debug|Any CPU
		Release|Any CPU = Release|Any CPU
	EndGlobalSection
	GlobalSection(ProjectConfigurationPlatforms) = postSolution
		{2FA0DFD9-E277-49CB-B72D-4A1C5A34ED61}.Debug|Any CPU.ActiveCfg = Debug|Any CPU
		{2FA0DFD9-E277-49CB-B72D-4A1C5A34ED61}.Debug|Any CPU.Build.0 = Debug|Any CPU
		{2FA0DFD9-E277-49CB-B72D-4A1C5A34ED61}.Release|Any CPU.ActiveCfg = Release|Any CPU
		{2FA0DFD9-E277-49CB-B72D-4A1C5A34ED61}.Release|Any CPU.Build.0 = Release|Any CPU
	EndGlobalSection
	GlobalSection(SolutionProperties) = preSolution
		HideSolutionNode = FALSE
	EndGlobalSection
	GlobalSection(ExtensibilityGlobals) = postSolution
		SolutionGuid = {4F811353-93B1-4707-AAE8-9D631031F33A}
	EndGlobalSection
EndGlobal
